// !$*UTF8*$!
{
	archiveVersion = 1;
	classes = {
	};
	objectVersion = 50;
	objects = {

/* Begin PBXBuildFile section */
		1B02DFBC2414FB0C008137C7 /* AppDelegate.swift in Sources */ = {isa = PBXBuildFile; fileRef = 1B02DFBB2414FB0C008137C7 /* AppDelegate.swift */; };
		1B02DFBE2414FB0C008137C7 /* SceneDelegate.swift in Sources */ = {isa = PBXBuildFile; fileRef = 1B02DFBD2414FB0C008137C7 /* SceneDelegate.swift */; };
		1B02DFC02414FB0C008137C7 /* ViewController.swift in Sources */ = {isa = PBXBuildFile; fileRef = 1B02DFBF2414FB0C008137C7 /* ViewController.swift */; };
		1B02DFC32414FB0C008137C7 /* Main.storyboard in Resources */ = {isa = PBXBuildFile; fileRef = 1B02DFC12414FB0C008137C7 /* Main.storyboard */; };
		1B02DFC52414FB0F008137C7 /* Assets.xcassets in Resources */ = {isa = PBXBuildFile; fileRef = 1B02DFC42414FB0F008137C7 /* Assets.xcassets */; };
		1B02DFC82414FB0F008137C7 /* LaunchScreen.storyboard in Resources */ = {isa = PBXBuildFile; fileRef = 1B02DFC62414FB0F008137C7 /* LaunchScreen.storyboard */; };
		1B02DFD02414FC3A008137C7 /* LocalNotificationViewController.swift in Sources */ = {isa = PBXBuildFile; fileRef = 1B02DFCF2414FC3A008137C7 /* LocalNotificationViewController.swift */; };
		1B20F60824166FDA0050AC66 /* AttachmentsViewController.swift in Sources */ = {isa = PBXBuildFile; fileRef = 1B20F60724166FDA0050AC66 /* AttachmentsViewController.swift */; };
		1B20F60D241670220050AC66 /* hello.png in Resources */ = {isa = PBXBuildFile; fileRef = 1B20F60B241670220050AC66 /* hello.png */; };
		1B20F60E241670220050AC66 /* logo.png in Resources */ = {isa = PBXBuildFile; fileRef = 1B20F60C241670220050AC66 /* logo.png */; };
		1B9F76482418942C00792123 /* ActionableNotificationViewController.swift in Sources */ = {isa = PBXBuildFile; fileRef = 1B9F76472418942C00792123 /* ActionableNotificationViewController.swift */; };
		1BA5DA372419103000065C42 /* NotificationSettingsTableViewController.swift in Sources */ = {isa = PBXBuildFile; fileRef = 1BA5DA362419103000065C42 /* NotificationSettingsTableViewController.swift */; };
		1BA5DA39241B639D00065C42 /* PendingNotificationsTableViewController.swift in Sources */ = {isa = PBXBuildFile; fileRef = 1BA5DA38241B639D00065C42 /* PendingNotificationsTableViewController.swift */; };
		1BA5DA3B241B6A0C00065C42 /* DeliveredNotificationsTableViewController.swift in Sources */ = {isa = PBXBuildFile; fileRef = 1BA5DA3A241B6A0C00065C42 /* DeliveredNotificationsTableViewController.swift */; };
		1BAB534B2415F41E00EA5CF0 /* CustomSoundViewController.swift in Sources */ = {isa = PBXBuildFile; fileRef = 1BAB534A2415F41E00EA5CF0 /* CustomSoundViewController.swift */; };
/* End PBXBuildFile section */

/* Begin PBXFileReference section */
		1B02DFB82414FB0C008137C7 /* LocalNotificationStudy.app */ = {isa = PBXFileReference; explicitFileType = wrapper.application; includeInIndex = 0; path = LocalNotificationStudy.app; sourceTree = BUILT_PRODUCTS_DIR; };
		1B02DFBB2414FB0C008137C7 /* AppDelegate.swift */ = {isa = PBXFileReference; lastKnownFileType = sourcecode.swift; path = AppDelegate.swift; sourceTree = "<group>"; };
		1B02DFBD2414FB0C008137C7 /* SceneDelegate.swift */ = {isa = PBXFileReference; lastKnownFileType = sourcecode.swift; path = SceneDelegate.swift; sourceTree = "<group>"; };
		1B02DFBF2414FB0C008137C7 /* ViewController.swift */ = {isa = PBXFileReference; lastKnownFileType = sourcecode.swift; path = ViewController.swift; sourceTree = "<group>"; };
		1B02DFC22414FB0C008137C7 /* Base */ = {isa = PBXFileReference; lastKnownFileType = file.storyboard; name = Base; path = Base.lproj/Main.storyboard; sourceTree = "<group>"; };
		1B02DFC42414FB0F008137C7 /* Assets.xcassets */ = {isa = PBXFileReference; lastKnownFileType = folder.assetcatalog; path = Assets.xcassets; sourceTree = "<group>"; };
		1B02DFC72414FB0F008137C7 /* Base */ = {isa = PBXFileReference; lastKnownFileType = file.storyboard; name = Base; path = Base.lproj/LaunchScreen.storyboard; sourceTree = "<group>"; };
		1B02DFC92414FB0F008137C7 /* Info.plist */ = {isa = PBXFileReference; lastKnownFileType = text.plist.xml; path = Info.plist; sourceTree = "<group>"; };
		1B02DFCF2414FC3A008137C7 /* LocalNotificationViewController.swift */ = {isa = PBXFileReference; lastKnownFileType = sourcecode.swift; path = LocalNotificationViewController.swift; sourceTree = "<group>"; };
		1B20F60424166D8D0050AC66 /* bell.aif */ = {isa = PBXFileReference; lastKnownFileType = file; path = bell.aif; sourceTree = "<group>"; };
		1B20F60724166FDA0050AC66 /* AttachmentsViewController.swift */ = {isa = PBXFileReference; lastKnownFileType = sourcecode.swift; path = AttachmentsViewController.swift; sourceTree = "<group>"; };
		1B20F60B241670220050AC66 /* hello.png */ = {isa = PBXFileReference; lastKnownFileType = image.png; path = hello.png; sourceTree = "<group>"; };
		1B20F60C241670220050AC66 /* logo.png */ = {isa = PBXFileReference; lastKnownFileType = image.png; path = logo.png; sourceTree = "<group>"; };
		1B20F60F2416702C0050AC66 /* video.mp4 */ = {isa = PBXFileReference; lastKnownFileType = file; path = video.mp4; sourceTree = "<group>"; };
		1B9F76472418942C00792123 /* ActionableNotificationViewController.swift */ = {isa = PBXFileReference; lastKnownFileType = sourcecode.swift; path = ActionableNotificationViewController.swift; sourceTree = "<group>"; };
		1BA5DA362419103000065C42 /* NotificationSettingsTableViewController.swift */ = {isa = PBXFileReference; lastKnownFileType = sourcecode.swift; path = NotificationSettingsTableViewController.swift; sourceTree = "<group>"; };
		1BA5DA38241B639D00065C42 /* PendingNotificationsTableViewController.swift */ = {isa = PBXFileReference; lastKnownFileType = sourcecode.swift; path = PendingNotificationsTableViewController.swift; sourceTree = "<group>"; };
		1BA5DA3A241B6A0C00065C42 /* DeliveredNotificationsTableViewController.swift */ = {isa = PBXFileReference; lastKnownFileType = sourcecode.swift; path = DeliveredNotificationsTableViewController.swift; sourceTree = "<group>"; };
		1BAB534A2415F41E00EA5CF0 /* CustomSoundViewController.swift */ = {isa = PBXFileReference; lastKnownFileType = sourcecode.swift; path = CustomSoundViewController.swift; sourceTree = "<group>"; };
/* End PBXFileReference section */

/* Begin PBXFrameworksBuildPhase section */
		1B02DFB52414FB0C008137C7 /* Frameworks */ = {
			isa = PBXFrameworksBuildPhase;
			buildActionMask = 2147483647;
			files = (
			);
			runOnlyForDeploymentPostprocessing = 0;
		};
/* End PBXFrameworksBuildPhase section */

/* Begin PBXGroup section */
		1B02DFAF2414FB0C008137C7 = {
			isa = PBXGroup;
			children = (
				1B02DFBA2414FB0C008137C7 /* LocalNotificationStudy */,
				1B02DFB92414FB0C008137C7 /* Products */,
			);
			sourceTree = "<group>";
		};
		1B02DFB92414FB0C008137C7 /* Products */ = {
			isa = PBXGroup;
			children = (
				1B02DFB82414FB0C008137C7 /* LocalNotificationStudy.app */,
			);
			name = Products;
			sourceTree = "<group>";
		};
		1B02DFBA2414FB0C008137C7 /* LocalNotificationStudy */ = {
			isa = PBXGroup;
			children = (
				1B20F60A241670180050AC66 /* Video */,
				1B20F609241670130050AC66 /* Image */,
				1B20F60324166D780050AC66 /* Sound */,
				1B02DFBB2414FB0C008137C7 /* AppDelegate.swift */,
				1B02DFBD2414FB0C008137C7 /* SceneDelegate.swift */,
				1B02DFBF2414FB0C008137C7 /* ViewController.swift */,
				1B02DFC12414FB0C008137C7 /* Main.storyboard */,
				1B02DFC42414FB0F008137C7 /* Assets.xcassets */,
				1B02DFC62414FB0F008137C7 /* LaunchScreen.storyboard */,
				1B02DFC92414FB0F008137C7 /* Info.plist */,
				1B02DFCF2414FC3A008137C7 /* LocalNotificationViewController.swift */,
				1BAB534A2415F41E00EA5CF0 /* CustomSoundViewController.swift */,
				1B20F60724166FDA0050AC66 /* AttachmentsViewController.swift */,
				1B9F76472418942C00792123 /* ActionableNotificationViewController.swift */,
				1BA5DA362419103000065C42 /* NotificationSettingsTableViewController.swift */,
				1BA5DA38241B639D00065C42 /* PendingNotificationsTableViewController.swift */,
				1BA5DA3A241B6A0C00065C42 /* DeliveredNotificationsTableViewController.swift */,
			);
			path = LocalNotificationStudy;
			sourceTree = "<group>";
		};
		1B20F60324166D780050AC66 /* Sound */ = {
			isa = PBXGroup;
			children = (
				1B20F60424166D8D0050AC66 /* bell.aif */,
			);
			path = Sound;
			sourceTree = "<group>";
		};
		1B20F609241670130050AC66 /* Image */ = {
			isa = PBXGroup;
			children = (
				1B20F60B241670220050AC66 /* hello.png */,
				1B20F60C241670220050AC66 /* logo.png */,
			);
			path = Image;
			sourceTree = "<group>";
		};
		1B20F60A241670180050AC66 /* Video */ = {
			isa = PBXGroup;
			children = (
				1B20F60F2416702C0050AC66 /* video.mp4 */,
			);
			path = Video;
			sourceTree = "<group>";
		};
/* End PBXGroup section */

/* Begin PBXNativeTarget section */
		1B02DFB72414FB0C008137C7 /* LocalNotificationStudy */ = {
			isa = PBXNativeTarget;
			buildConfigurationList = 1B02DFCC2414FB0F008137C7 /* Build configuration list for PBXNativeTarget "LocalNotificationStudy" */;
			buildPhases = (
				1B02DFB42414FB0C008137C7 /* Sources */,
				1B02DFB52414FB0C008137C7 /* Frameworks */,
				1B02DFB62414FB0C008137C7 /* Resources */,
			);
			buildRules = (
			);
			dependencies = (
			);
			name = LocalNotificationStudy;
			productName = LocalNotificationStudy;
			productReference = 1B02DFB82414FB0C008137C7 /* LocalNotificationStudy.app */;
			productType = "com.apple.product-type.application";
		};
/* End PBXNativeTarget section */

/* Begin PBXProject section */
		1B02DFB02414FB0C008137C7 /* Project object */ = {
			isa = PBXProject;
			attributes = {
				LastSwiftUpdateCheck = 1130;
				LastUpgradeCheck = 1130;
				ORGANIZATIONNAME = kjm;
				TargetAttributes = {
					1B02DFB72414FB0C008137C7 = {
						CreatedOnToolsVersion = 11.3.1;
					};
				};
			};
			buildConfigurationList = 1B02DFB32414FB0C008137C7 /* Build configuration list for PBXProject "LocalNotificationStudy" */;
			compatibilityVersion = "Xcode 9.3";
			developmentRegion = en;
			hasScannedForEncodings = 0;
			knownRegions = (
				en,
				Base,
			);
			mainGroup = 1B02DFAF2414FB0C008137C7;
			productRefGroup = 1B02DFB92414FB0C008137C7 /* Products */;
			projectDirPath = "";
			projectRoot = "";
			targets = (
				1B02DFB72414FB0C008137C7 /* LocalNotificationStudy */,
			);
		};
/* End PBXProject section */

/* Begin PBXResourcesBuildPhase section */
		1B02DFB62414FB0C008137C7 /* Resources */ = {
			isa = PBXResourcesBuildPhase;
			buildActionMask = 2147483647;
			files = (
				1B20F60D241670220050AC66 /* hello.png in Resources */,
				1B20F60E241670220050AC66 /* logo.png in Resources */,
				1B02DFC82414FB0F008137C7 /* LaunchScreen.storyboard in Resources */,
				1B02DFC52414FB0F008137C7 /* Assets.xcassets in Resources */,
				1B02DFC32414FB0C008137C7 /* Main.storyboard in Resources */,
			);
			runOnlyForDeploymentPostprocessing = 0;
		};
/* End PBXResourcesBuildPhase section */

/* Begin PBXSourcesBuildPhase section */
		1B02DFB42414FB0C008137C7 /* Sources */ = {
			isa = PBXSourcesBuildPhase;
			buildActionMask = 2147483647;
			files = (
				1B02DFC02414FB0C008137C7 /* ViewController.swift in Sources */,
				1BA5DA3B241B6A0C00065C42 /* DeliveredNotificationsTableViewController.swift in Sources */,
				1B9F76482418942C00792123 /* ActionableNotificationViewController.swift in Sources */,
				1B02DFD02414FC3A008137C7 /* LocalNotificationViewController.swift in Sources */,
				1B02DFBC2414FB0C008137C7 /* AppDelegate.swift in Sources */,
				1B20F60824166FDA0050AC66 /* AttachmentsViewController.swift in Sources */,
				1BA5DA39241B639D00065C42 /* PendingNotificationsTableViewController.swift in Sources */,
				1B02DFBE2414FB0C008137C7 /* SceneDelegate.swift in Sources */,
				1BAB534B2415F41E00EA5CF0 /* CustomSoundViewController.swift in Sources */,
				1BA5DA372419103000065C42 /* NotificationSettingsTableViewController.swift in Sources */,
			);
			runOnlyForDeploymentPostprocessing = 0;
		};
/* End PBXSourcesBuildPhase section */

/* Begin PBXVariantGroup section */
		1B02DFC12414FB0C008137C7 /* Main.storyboard */ = {
			isa = PBXVariantGroup;
			children = (
				1B02DFC22414FB0C008137C7 /* Base */,
			);
			name = Main.storyboard;
			sourceTree = "<group>";
		};
		1B02DFC62414FB0F008137C7 /* LaunchScreen.storyboard */ = {
			isa = PBXVariantGroup;
			children = (
				1B02DFC72414FB0F008137C7 /* Base */,
			);
			name = LaunchScreen.storyboard;
			sourceTree = "<group>";
		};
/* End PBXVariantGroup section */

/* Begin XCBuildConfiguration section */
		1B02DFCA2414FB0F008137C7 /* Debug */ = {
			isa = XCBuildConfiguration;
			buildSettings = {
				ALWAYS_SEARCH_USER_PATHS = NO;
				CLANG_ANALYZER_NONNULL = YES;
				CLANG_ANALYZER_NUMBER_OBJECT_CONVERSION = YES_AGGRESSIVE;
				CLANG_CXX_LANGUAGE_STANDARD = "gnu++14";
				CLANG_CXX_LIBRARY = "libc++";
				CLANG_ENABLE_MODULES = YES;
				CLANG_ENABLE_OBJC_ARC = YES;
				CLANG_ENABLE_OBJC_WEAK = YES;
				CLANG_WARN_BLOCK_CAPTURE_AUTORELEASING = YES;
				CLANG_WARN_BOOL_CONVERSION = YES;
				CLANG_WARN_COMMA = YES;
				CLANG_WARN_CONSTANT_CONVERSION = YES;
				CLANG_WARN_DEPRECATED_OBJC_IMPLEMENTATIONS = YES;
				CLANG_WARN_DIRECT_OBJC_ISA_USAGE = YES_ERROR;
				CLANG_WARN_DOCUMENTATION_COMMENTS = YES;
				CLANG_WARN_EMPTY_BODY = YES;
				CLANG_WARN_ENUM_CONVERSION = YES;
				CLANG_WARN_INFINITE_RECURSION = YES;
				CLANG_WARN_INT_CONVERSION = YES;
				CLANG_WARN_NON_LITERAL_NULL_CONVERSION = YES;
				CLANG_WARN_OBJC_IMPLICIT_RETAIN_SELF = YES;
				CLANG_WARN_OBJC_LITERAL_CONVERSION = YES;
				CLANG_WARN_OBJC_ROOT_CLASS = YES_ERROR;
				CLANG_WARN_RANGE_LOOP_ANALYSIS = YES;
				CLANG_WARN_STRICT_PROTOTYPES = YES;
				CLANG_WARN_SUSPICIOUS_MOVE = YES;
				CLANG_WARN_UNGUARDED_AVAILABILITY = YES_AGGRESSIVE;
				CLANG_WARN_UNREACHABLE_CODE = YES;
				CLANG_WARN__DUPLICATE_METHOD_MATCH = YES;
				COPY_PHASE_STRIP = NO;
				DEBUG_INFORMATION_FORMAT = dwarf;
				ENABLE_STRICT_OBJC_MSGSEND = YES;
				ENABLE_TESTABILITY = YES;
				GCC_C_LANGUAGE_STANDARD = gnu11;
				GCC_DYNAMIC_NO_PIC = NO;
				GCC_NO_COMMON_BLOCKS = YES;
				GCC_OPTIMIZATION_LEVEL = 0;
				GCC_PREPROCESSOR_DEFINITIONS = (
					"DEBUG=1",
					"$(inherited)",
				);
				GCC_WARN_64_TO_32_BIT_CONVERSION = YES;
				GCC_WARN_ABOUT_RETURN_TYPE = YES_ERROR;
				GCC_WARN_UNDECLARED_SELECTOR = YES;
				GCC_WARN_UNINITIALIZED_AUTOS = YES_AGGRESSIVE;
				GCC_WARN_UNUSED_FUNCTION = YES;
				GCC_WARN_UNUSED_VARIABLE = YES;
				IPHONEOS_DEPLOYMENT_TARGET = 13.2;
				MTL_ENABLE_DEBUG_INFO = INCLUDE_SOURCE;
				MTL_FAST_MATH = YES;
				ONLY_ACTIVE_ARCH = YES;
				SDKROOT = iphoneos;
				SWIFT_ACTIVE_COMPILATION_CONDITIONS = DEBUG;
				SWIFT_OPTIMIZATION_LEVEL = "-Onone";
			};
			name = Debug;
		};
		1B02DFCB2414FB0F008137C7 /* Release */ = {
			isa = XCBuildConfiguration;
			buildSettings = {
				ALWAYS_SEARCH_USER_PATHS = NO;
				CLANG_ANALYZER_NONNULL = YES;
				CLANG_ANALYZER_NUMBER_OBJECT_CONVERSION = YES_AGGRESSIVE;
				CLANG_CXX_LANGUAGE_STANDARD = "gnu++14";
				CLANG_CXX_LIBRARY = "libc++";
				CLANG_ENABLE_MODULES = YES;
				CLANG_ENABLE_OBJC_ARC = YES;
				CLANG_ENABLE_OBJC_WEAK = YES;
				CLANG_WARN_BLOCK_CAPTURE_AUTORELEASING = YES;
				CLANG_WARN_BOOL_CONVERSION = YES;
				CLANG_WARN_COMMA = YES;
				CLANG_WARN_CONSTANT_CONVERSION = YES;
				CLANG_WARN_DEPRECATED_OBJC_IMPLEMENTATIONS = YES;
				CLANG_WARN_DIRECT_OBJC_ISA_USAGE = YES_ERROR;
				CLANG_WARN_DOCUMENTATION_COMMENTS = YES;
				CLANG_WARN_EMPTY_BODY = YES;
				CLANG_WARN_ENUM_CONVERSION = YES;
				CLANG_WARN_INFINITE_RECURSION = YES;
				CLANG_WARN_INT_CONVERSION = YES;
				CLANG_WARN_NON_LITERAL_NULL_CONVERSION = YES;
				CLANG_WARN_OBJC_IMPLICIT_RETAIN_SELF = YES;
				CLANG_WARN_OBJC_LITERAL_CONVERSION = YES;
				CLANG_WARN_OBJC_ROOT_CLASS = YES_ERROR;
				CLANG_WARN_RANGE_LOOP_ANALYSIS = YES;
				CLANG_WARN_STRICT_PROTOTYPES = YES;
				CLANG_WARN_SUSPICIOUS_MOVE = YES;
				CLANG_WARN_UNGUARDED_AVAILABILITY = YES_AGGRESSIVE;
				CLANG_WARN_UNREACHABLE_CODE = YES;
				CLANG_WARN__DUPLICATE_METHOD_MATCH = YES;
				COPY_PHASE_STRIP = NO;
				DEBUG_INFORMATION_FORMAT = "dwarf-with-dsym";
				ENABLE_NS_ASSERTIONS = NO;
				ENABLE_STRICT_OBJC_MSGSEND = YES;
				GCC_C_LANGUAGE_STANDARD = gnu11;
				GCC_NO_COMMON_BLOCKS = YES;
				GCC_WARN_64_TO_32_BIT_CONVERSION = YES;
				GCC_WARN_ABOUT_RETURN_TYPE = YES_ERROR;
				GCC_WARN_UNDECLARED_SELECTOR = YES;
				GCC_WARN_UNINITIALIZED_AUTOS = YES_AGGRESSIVE;
				GCC_WARN_UNUSED_FUNCTION = YES;
				GCC_WARN_UNUSED_VARIABLE = YES;
				IPHONEOS_DEPLOYMENT_TARGET = 13.2;
				MTL_ENABLE_DEBUG_INFO = NO;
				MTL_FAST_MATH = YES;
				SDKROOT = iphoneos;
				SWIFT_COMPILATION_MODE = wholemodule;
				SWIFT_OPTIMIZATION_LEVEL = "-O";
				VALIDATE_PRODUCT = YES;
			};
			name = Release;
		};
		1B02DFCD2414FB0F008137C7 /* Debug */ = {
			isa = XCBuildConfiguration;
			buildSettings = {
				ASSETCATALOG_COMPILER_APPICON_NAME = AppIcon;
				CODE_SIGN_STYLE = Automatic;
				INFOPLIST_FILE = LocalNotificationStudy/Info.plist;
				LD_RUNPATH_SEARCH_PATHS = (
					"$(inherited)",
					"@executable_path/Frameworks",
				);
				PRODUCT_BUNDLE_IDENTIFIER = com.kjm.LocalNotificationStudy;
				PRODUCT_NAME = "$(TARGET_NAME)";
				SWIFT_VERSION = 5.0;
				TARGETED_DEVICE_FAMILY = "1,2";
			};
			name = Debug;
		};
		1B02DFCE2414FB0F008137C7 /* Release */ = {
			isa = XCBuildConfiguration;
			buildSettings = {
				ASSETCATALOG_COMPILER_APPICON_NAME = AppIcon;
				CODE_SIGN_STYLE = Automatic;
				INFOPLIST_FILE = LocalNotificationStudy/Info.plist;
				LD_RUNPATH_SEARCH_PATHS = (
					"$(inherited)",
					"@executable_path/Frameworks",
				);
				PRODUCT_BUNDLE_IDENTIFIER = com.kjm.LocalNotificationStudy;
				PRODUCT_NAME = "$(TARGET_NAME)";
				SWIFT_VERSION = 5.0;
				TARGETED_DEVICE_FAMILY = "1,2";
			};
			name = Release;
		};
/* End XCBuildConfiguration section */

/* Begin XCConfigurationList section */
		1B02DFB32414FB0C008137C7 /* Build configuration list for PBXProject "LocalNotificationStudy" */ = {
			isa = XCConfigurationList;
			buildConfigurations = (
				1B02DFCA2414FB0F008137C7 /* Debug */,
				1B02DFCB2414FB0F008137C7 /* Release */,
			);
			defaultConfigurationIsVisible = 0;
			defaultConfigurationName = Release;
		};
		1B02DFCC2414FB0F008137C7 /* Build configuration list for PBXNativeTarget "LocalNotificationStudy" */ = {
			isa = XCConfigurationList;
			buildConfigurations = (
				1B02DFCD2414FB0F008137C7 /* Debug */,
				1B02DFCE2414FB0F008137C7 /* Release */,
			);
			defaultConfigurationIsVisible = 0;
			defaultConfigurationName = Release;
		};
/* End XCConfigurationList section */
	};
	rootObject = 1B02DFB02414FB0C008137C7 /* Project object */;
}
